
Microsoft Visual Studio Solution File, Format Version 12.00
# Visual Studio Version 17
VisualStudioVersion = 17.4.33213.308
MinimumVisualStudioVersion = 10.0.40219.1
Project("{FAE04EC0-301F-11D3-BF4B-00C04F79EFBC}") = "Dima_Api", "Dima_Api\Dima_Api.csproj", "{D37559BD-A9BC-40D8-A24B-ABF588917E9D}"
EndProject
Global
	GlobalSection(SolutionConfigurationPlatforms) = preSolution
		Debug|Any CPU = Debug|Any CPU
		Release|Any CPU = Release|Any CPU
	EndGlobalSection
	GlobalSection(ProjectConfigurationPlatforms) = postSolution
		{D37559BD-A9BC-40D8-A24B-ABF588917E9D}.Debug|Any CPU.ActiveCfg = Debug|Any CPU
		{D37559BD-A9BC-40D8-A24B-ABF588917E9D}.Debug|Any CPU.Build.0 = Debug|Any CPU
		{D37559BD-A9BC-40D8-A24B-ABF588917E9D}.Release|Any CPU.ActiveCfg = Release|Any CPU
		{D37559BD-A9BC-40D8-A24B-ABF588917E9D}.Release|Any CPU.Build.0 = Release|Any CPU
	EndGlobalSection
	GlobalSection(SolutionProperties) = preSolution
		HideSolutionNode = FALSE
	EndGlobalSection
	GlobalSection(ExtensibilityGlobals) = postSolution
		SolutionGuid = {79B2D6CD-FB7B-4F0F-AFB6-0EC30587F091}
	EndGlobalSection
EndGlobal
